{
  "name": "shared",
  "version": "1.0.0",
  "lockfileVersion": 1,
  "requires": true,
  "dependencies": {
    "esm": {
      "version": "3.2.5",
      "resolved": "https://registry.npmjs.org/esm/-/esm-3.2.5.tgz",
      "integrity": "sha512-rukU6Nd3agbHQCJWV4rrlZxqpbO3ix8qhUxK1BhKALGS2E465O0BFwgCOqJjNnYfO/I2MwpUBmPsW8DXoe8tcA=="
    },
    "typescript": {
      "version": "3.3.3",
      "resolved": "https://registry.npmjs.org/typescript/-/typescript-3.3.3.tgz",
      "integrity": "sha512-Y21Xqe54TBVp+VDSNbuDYdGw0BpoR/Q6wo/+35M8PAU0vipahnyduJWirxxdxjsAkS7hue53x2zp8gz7F05u0A==",
      "dev": true
    }
  }
}
